
Microsoft Visual Studio Solution File, Format Version 12.00
# Visual Studio Version 17
VisualStudioVersion = 17.8.34330.188
MinimumVisualStudioVersion = 10.0.40219.1
Project("{FAE04EC0-301F-11D3-BF4B-00C04F79EFBC}") = "calculator", "calculator.csproj", "{421B4BDC-4AA3-4825-81D3-1DE3DC0B94F9}"
EndProject
Global
	GlobalSection(SolutionConfigurationPlatforms) = preSolution
		Debug|Any CPU = Debug|Any CPU
		Release|Any CPU = Release|Any CPU
	EndGlobalSection
	GlobalSection(ProjectConfigurationPlatforms) = postSolution
		{421B4BDC-4AA3-4825-81D3-1DE3DC0B94F9}.Debug|Any CPU.ActiveCfg = Debug|Any CPU
		{421B4BDC-4AA3-4825-81D3-1DE3DC0B94F9}.Debug|Any CPU.Build.0 = Debug|Any CPU
		{421B4BDC-4AA3-4825-81D3-1DE3DC0B94F9}.Release|Any CPU.ActiveCfg = Release|Any CPU
		{421B4BDC-4AA3-4825-81D3-1DE3DC0B94F9}.Release|Any CPU.Build.0 = Release|Any CPU
	EndGlobalSection
	GlobalSection(SolutionProperties) = preSolution
		HideSolutionNode = FALSE
	EndGlobalSection
	GlobalSection(ExtensibilityGlobals) = postSolution
		SolutionGuid = {427FE74B-6A69-421B-97FC-17118BA8C738}
	EndGlobalSection
EndGlobal
